<?xml version="1.0" encoding="utf-8"?>
<Project ToolsVersion="4.0" xmlns="http://schemas.microsoft.com/developer/msbuild/2003">
  <ItemGroup>
    <Filter Include="ソース ファイル">
      <UniqueIdentifier>{4FC737F1-C7A5-4376-A066-2A32D752A2FF}</UniqueIdentifier>
      <Extensions>cpp;c;cc;cxx;def;odl;idl;hpj;bat;asm;asmx</Extensions>
    </Filter>
    <Filter Include="ヘッダー ファイル">
      <UniqueIdentifier>{93995380-89BD-4b04-88EB-625FBE52EBFB}</UniqueIdentifier>
      <Extensions>h;hh;hpp;hxx;hm;inl;inc;xsd</Extensions>
    </Filter>
    <Filter Include="リソース ファイル">
      <UniqueIdentifier>{67DA6AB6-F800-4c08-8B7A-83BB121AAD01}</UniqueIdentifier>
      <Extensions>rc;ico;cur;bmp;dlg;rc2;rct;bin;rgs;gif;jpg;jpeg;jpe;resx;tiff;tif;png;wav;mfcribbon-ms</Extensions>
    </Filter>
    <Filter Include="ソース ファイル\Tools">
      <UniqueIdentifier>{91ef8269-0c08-4853-bfae-cb77e8d91e66}</UniqueIdentifier>
    </Filter>
    <Filter Include="ヘッダー ファイル\Tools">
      <UniqueIdentifier>{8c91a40f-aa0d-4e3e-b6e8-53f7edd047b4}</UniqueIdentifier>
    </Filter>
    <Filter Include="ヘッダー ファイル\PuzzleGame">
      <UniqueIdentifier>{44dfcea7-f2a3-4862-ae18-69b65e5e26a0}</UniqueIdentifier>
    </Filter>
    <Filter Include="ヘッダー ファイル\PuzzleGame\GameObject">
      <UniqueIdentifier>{540dfbda-50c1-4f68-a000-50d13d69dd3f}</UniqueIdentifier>
    </Filter>
    <Filter Include="ヘッダー ファイル\PuzzleGame\GameObject\Block">
      <UniqueIdentifier>{fbfd6a58-a8a4-41d3-8cf1-f47bc90cf7a0}</UniqueIdentifier>
    </Filter>
    <Filter Include="ソース ファイル\PuzzleGame">
      <UniqueIdentifier>{3374a729-9da9-497e-a793-d1b796d4eb0f}</UniqueIdentifier>
    </Filter>
    <Filter Include="ソース ファイル\PuzzleGame\GameObject">
      <UniqueIdentifier>{8dbdbb9e-d7e6-4b63-9d02-b18e54e90a68}</UniqueIdentifier>
    </Filter>
    <Filter Include="ソース ファイル\PuzzleGame\GameObject\Block">
      <UniqueIdentifier>{4ace7089-4499-4687-b415-6dfe890aacfe}</UniqueIdentifier>
    </Filter>
    <Filter Include="ヘッダー ファイル\PuzzleGame\GameObject\GameSystem">
      <UniqueIdentifier>{55c36a9d-f140-42ea-a5fc-22ec416c8651}</UniqueIdentifier>
    </Filter>
    <Filter Include="ソース ファイル\PuzzleGame\GameObject\GameSystem">
      <UniqueIdentifier>{9637490b-bba6-4064-8b1f-05cac5f0d9d1}</UniqueIdentifier>
    </Filter>
    <Filter Include="ヘッダー ファイル\PuzzleGame\GameObject\FlowCircle">
      <UniqueIdentifier>{abb66510-de3f-4683-8889-efc3fc53da1f}</UniqueIdentifier>
    </Filter>
    <Filter Include="ソース ファイル\PuzzleGame\GameObject\FlowCircle">
      <UniqueIdentifier>{a0f6a59a-1a08-4c71-9f54-3fb52bd494b2}</UniqueIdentifier>
    </Filter>
  </ItemGroup>
  <ItemGroup>
    <ClCompile Include="main.cpp">
      <Filter>ソース ファイル</Filter>
    </ClCompile>
    <ClCompile Include="GraphicControl.cpp">
      <Filter>ソース ファイル\Tools</Filter>
    </ClCompile>
    <ClCompile Include="input.cpp">
      <Filter>ソース ファイル\Tools</Filter>
    </ClCompile>
    <ClCompile Include="ToolsLib.cpp">
      <Filter>ソース ファイル\Tools</Filter>
    </ClCompile>
    <ClCompile Include="Hexagon.cpp">
      <Filter>ソース ファイル\PuzzleGame\GameObject</Filter>
    </ClCompile>
    <ClCompile Include="Block.cpp">
      <Filter>ソース ファイル\PuzzleGame\GameObject\Block</Filter>
    </ClCompile>
    <ClCompile Include="NormalBlock.cpp">
      <Filter>ソース ファイル\PuzzleGame\GameObject\Block</Filter>
    </ClCompile>
    <ClCompile Include="Stage.cpp">
      <Filter>ソース ファイル\PuzzleGame\GameObject</Filter>
    </ClCompile>
    <ClCompile Include="PutPos.cpp">
      <Filter>ソース ファイル\PuzzleGame\GameObject</Filter>
    </ClCompile>
    <ClCompile Include="PuzzleSystem.cpp">
      <Filter>ソース ファイル\PuzzleGame\GameObject</Filter>
    </ClCompile>
    <ClCompile Include="ScoreSystem.cpp">
      <Filter>ソース ファイル\PuzzleGame\GameObject</Filter>
    </ClCompile>
    <ClCompile Include="AttackBlock.cpp">
      <Filter>ソース ファイル\PuzzleGame\GameObject\Block</Filter>
    </ClCompile>
    <ClCompile Include="HealBlock.cpp">
      <Filter>ソース ファイル\PuzzleGame\GameObject\Block</Filter>
    </ClCompile>
    <ClCompile Include="ConnectBlock.cpp">
      <Filter>ソース ファイル\PuzzleGame\GameObject\Block</Filter>
    </ClCompile>
    <ClCompile Include="VGameSystem.cpp">
      <Filter>ソース ファイル\PuzzleGame\GameObject\GameSystem</Filter>
    </ClCompile>
    <ClCompile Include="TimeAttack.cpp">
      <Filter>ソース ファイル\PuzzleGame\GameObject\GameSystem</Filter>
    </ClCompile>
    <ClCompile Include="FlowEraseCircle.cpp">
      <Filter>ソース ファイル\PuzzleGame\GameObject\FlowCircle</Filter>
    </ClCompile>
    <ClCompile Include="FlowCircle.cpp">
      <Filter>ソース ファイル\PuzzleGame\GameObject\FlowCircle</Filter>
    </ClCompile>
  </ItemGroup>
  <ItemGroup>
    <ClInclude Include="GraphicControl.h">
      <Filter>ヘッダー ファイル\Tools</Filter>
    </ClInclude>
    <ClInclude Include="input.h">
      <Filter>ヘッダー ファイル\Tools</Filter>
    </ClInclude>
    <ClInclude Include="ToolsLib.h">
      <Filter>ヘッダー ファイル\Tools</Filter>
    </ClInclude>
    <ClInclude Include="Hexagon.h">
      <Filter>ヘッダー ファイル\PuzzleGame\GameObject</Filter>
    </ClInclude>
    <ClInclude Include="Block.h">
      <Filter>ヘッダー ファイル\PuzzleGame\GameObject\Block</Filter>
    </ClInclude>
    <ClInclude Include="NormalBlock.h">
      <Filter>ヘッダー ファイル\PuzzleGame\GameObject\Block</Filter>
    </ClInclude>
    <ClInclude Include="Stage.h">
      <Filter>ヘッダー ファイル\PuzzleGame\GameObject</Filter>
    </ClInclude>
    <ClInclude Include="PutPos.h">
      <Filter>ヘッダー ファイル\PuzzleGame\GameObject</Filter>
    </ClInclude>
    <ClInclude Include="PuzzleSystem.h">
      <Filter>ヘッダー ファイル\PuzzleGame\GameObject</Filter>
    </ClInclude>
    <ClInclude Include="ScoreSystem.h">
      <Filter>ヘッダー ファイル\PuzzleGame\GameObject</Filter>
    </ClInclude>
    <ClInclude Include="AttackBlock.h">
      <Filter>ヘッダー ファイル\PuzzleGame\GameObject\Block</Filter>
    </ClInclude>
    <ClInclude Include="HealBlock.h">
      <Filter>ヘッダー ファイル\PuzzleGame\GameObject\Block</Filter>
    </ClInclude>
    <ClInclude Include="ConnectBlock.h">
      <Filter>ヘッダー ファイル\PuzzleGame\GameObject\Block</Filter>
    </ClInclude>
    <ClInclude Include="VGameSystem.h">
      <Filter>ヘッダー ファイル\PuzzleGame\GameObject\GameSystem</Filter>
    </ClInclude>
    <ClInclude Include="TimeAttack.h">
      <Filter>ヘッダー ファイル\PuzzleGame\GameObject\GameSystem</Filter>
    </ClInclude>
    <ClInclude Include="FlowEraseCircle.h">
      <Filter>ヘッダー ファイル\PuzzleGame\GameObject\FlowCircle</Filter>
    </ClInclude>
    <ClInclude Include="FlowCircle.h">
      <Filter>ヘッダー ファイル\PuzzleGame\GameObject\FlowCircle</Filter>
    </ClInclude>
  </ItemGroup>
</Project>